
Microsoft Visual Studio Solution File, Format Version 12.00
# Visual Studio 15
VisualStudioVersion = 15.0.28010.2048
MinimumVisualStudioVersion = 10.0.40219.1
Project("{FAE04EC0-301F-11D3-BF4B-00C04F79EFBC}") = "ItextToRest", "ItextToRest\ItextToRest.csproj", "{3B74F4EE-08A3-415C-8077-5C9A2DA08832}"
EndProject
Global
	GlobalSection(SolutionConfigurationPlatforms) = preSolution
		Debug|Any CPU = Debug|Any CPU
		Release|Any CPU = Release|Any CPU
	EndGlobalSection
	GlobalSection(ProjectConfigurationPlatforms) = postSolution
		{3B74F4EE-08A3-415C-8077-5C9A2DA08832}.Debug|Any CPU.ActiveCfg = Debug|Any CPU
		{3B74F4EE-08A3-415C-8077-5C9A2DA08832}.Debug|Any CPU.Build.0 = Debug|Any CPU
		{3B74F4EE-08A3-415C-8077-5C9A2DA08832}.Release|Any CPU.ActiveCfg = Release|Any CPU
		{3B74F4EE-08A3-415C-8077-5C9A2DA08832}.Release|Any CPU.Build.0 = Release|Any CPU
	EndGlobalSection
	GlobalSection(SolutionProperties) = preSolution
		HideSolutionNode = FALSE
	EndGlobalSection
	GlobalSection(ExtensibilityGlobals) = postSolution
		SolutionGuid = {2743BA78-3822-4D04-8E67-78FE730C144F}
	EndGlobalSection
EndGlobal
